{
  "name": "no-js-game",
  "version": "1.0.0",
  "lockfileVersion": 1,
  "requires": true,
  "dependencies": {
    "reveal.js": {
      "version": "git+https://github.com/hakimel/reveal.js.git#33bed47daca3f08c396215415e6ece005970734a",
      "from": "git+https://github.com/hakimel/reveal.js.git"
    }
  }
}
